
Microsoft Visual Studio Solution File, Format Version 11.00
# Visual Studio 2010
Project("{FAE04EC0-301F-11D3-BF4B-00C04F79EFBC}") = "kanonSpill", "kanonSpill\kanonSpill\kanonSpill.csproj", "{1FF2BD82-8A8B-4FC8-929E-83B8B56BC5FA}"
EndProject
Project("{96E2B04D-8817-42C6-938A-82C39BA4D311}") = "kanonSpillContent", "kanonSpill\kanonSpillContent\kanonSpillContent.contentproj", "{49310CF7-CC4F-454F-AA98-080E5F373ADF}"
EndProject
Global
	GlobalSection(SolutionConfigurationPlatforms) = preSolution
		Debug|x86 = Debug|x86
		Release|x86 = Release|x86
	EndGlobalSection
	GlobalSection(ProjectConfigurationPlatforms) = postSolution
		{1FF2BD82-8A8B-4FC8-929E-83B8B56BC5FA}.Debug|x86.ActiveCfg = Debug|x86
		{1FF2BD82-8A8B-4FC8-929E-83B8B56BC5FA}.Debug|x86.Build.0 = Debug|x86
		{1FF2BD82-8A8B-4FC8-929E-83B8B56BC5FA}.Release|x86.ActiveCfg = Release|x86
		{1FF2BD82-8A8B-4FC8-929E-83B8B56BC5FA}.Release|x86.Build.0 = Release|x86
		{49310CF7-CC4F-454F-AA98-080E5F373ADF}.Debug|x86.ActiveCfg = Debug|x86
		{49310CF7-CC4F-454F-AA98-080E5F373ADF}.Release|x86.ActiveCfg = Release|x86
	EndGlobalSection
	GlobalSection(SolutionProperties) = preSolution
		HideSolutionNode = FALSE
	EndGlobalSection
EndGlobal
